// !$*UTF8*$!
{
	archiveVersion = 1;
	classes = {
	};
	objectVersion = 50;
	objects = {

/* Begin PBXBuildFile section */
		0B32657D25DE4E3500D5C7BE /* AfricaApp.swift in Sources */ = {isa = PBXBuildFile; fileRef = 0B32657C25DE4E3500D5C7BE /* AfricaApp.swift */; };
		0B32657F25DE4E3500D5C7BE /* ContentView.swift in Sources */ = {isa = PBXBuildFile; fileRef = 0B32657E25DE4E3500D5C7BE /* ContentView.swift */; };
		0B32658125DE4E3700D5C7BE /* Assets.xcassets in Resources */ = {isa = PBXBuildFile; fileRef = 0B32658025DE4E3700D5C7BE /* Assets.xcassets */; };
		0B32658425DE4E3700D5C7BE /* Preview Assets.xcassets in Resources */ = {isa = PBXBuildFile; fileRef = 0B32658325DE4E3700D5C7BE /* Preview Assets.xcassets */; };
		0B32659C25DE508400D5C7BE /* animals.json in Resources */ = {isa = PBXBuildFile; fileRef = 0B32659825DE508300D5C7BE /* animals.json */; };
		0B32659D25DE508400D5C7BE /* covers.json in Resources */ = {isa = PBXBuildFile; fileRef = 0B32659925DE508300D5C7BE /* covers.json */; };
		0B32659E25DE508400D5C7BE /* locations.json in Resources */ = {isa = PBXBuildFile; fileRef = 0B32659A25DE508400D5C7BE /* locations.json */; };
		0B32659F25DE508400D5C7BE /* videos.json in Resources */ = {isa = PBXBuildFile; fileRef = 0B32659B25DE508400D5C7BE /* videos.json */; };
		0B3265AD25DE52D800D5C7BE /* MainView.swift in Sources */ = {isa = PBXBuildFile; fileRef = 0B3265AC25DE52D800D5C7BE /* MainView.swift */; };
		0B3265B125DE52FF00D5C7BE /* GalleryView.swift in Sources */ = {isa = PBXBuildFile; fileRef = 0B3265B025DE52FF00D5C7BE /* GalleryView.swift */; };
		0B3265B425DE531300D5C7BE /* MapView.swift in Sources */ = {isa = PBXBuildFile; fileRef = 0B3265B325DE531300D5C7BE /* MapView.swift */; };
		0B3265B825DE533900D5C7BE /* VideoListView.swift in Sources */ = {isa = PBXBuildFile; fileRef = 0B3265B725DE533900D5C7BE /* VideoListView.swift */; };
		0B3265BC25DF94E100D5C7BE /* CoverImageView.swift in Sources */ = {isa = PBXBuildFile; fileRef = 0B3265BB25DF94E100D5C7BE /* CoverImageView.swift */; };
		0B3265C125DF96E400D5C7BE /* CoverImageModel.swift in Sources */ = {isa = PBXBuildFile; fileRef = 0B3265C025DF96E400D5C7BE /* CoverImageModel.swift */; };
		0B3265C625DF983000D5C7BE /* CodableBundleExtension.swift in Sources */ = {isa = PBXBuildFile; fileRef = 0B3265C525DF983000D5C7BE /* CodableBundleExtension.swift */; };
		0B3265CA25DF9CED00D5C7BE /* AnimalListItemView.swift in Sources */ = {isa = PBXBuildFile; fileRef = 0B3265C925DF9CED00D5C7BE /* AnimalListItemView.swift */; };
		0B3265CD25DF9F6100D5C7BE /* AnimalModel.swift in Sources */ = {isa = PBXBuildFile; fileRef = 0B3265CC25DF9F6100D5C7BE /* AnimalModel.swift */; };
		0B3265D025DFA26900D5C7BE /* AnimalDetailView.swift in Sources */ = {isa = PBXBuildFile; fileRef = 0B3265CF25DFA26900D5C7BE /* AnimalDetailView.swift */; };
		0B3265D325DFA4C300D5C7BE /* HeadingView.swift in Sources */ = {isa = PBXBuildFile; fileRef = 0B3265D225DFA4C300D5C7BE /* HeadingView.swift */; };
		0B3265D625E0EDD900D5C7BE /* InsetGalleryView.swift in Sources */ = {isa = PBXBuildFile; fileRef = 0B3265D525E0EDD900D5C7BE /* InsetGalleryView.swift */; };
		0B3265D925E11BEC00D5C7BE /* InsertFactView.swift in Sources */ = {isa = PBXBuildFile; fileRef = 0B3265D825E11BEC00D5C7BE /* InsertFactView.swift */; };
		0B3265DC25E11DEE00D5C7BE /* InsertMapView.swift in Sources */ = {isa = PBXBuildFile; fileRef = 0B3265DB25E11DEE00D5C7BE /* InsertMapView.swift */; };
		0B68623925E44CB0000087F5 /* Stickers.xcassets in Resources */ = {isa = PBXBuildFile; fileRef = 0B68623825E44CB0000087F5 /* Stickers.xcassets */; };
		0B68623D25E44CB0000087F5 /* Stickers.appex in Embed App Extensions */ = {isa = PBXBuildFile; fileRef = 0B68623625E44CAE000087F5 /* Stickers.appex */; settings = {ATTRIBUTES = (RemoveHeadersOnCopy, ); }; };
		0BD5025925E148A10071DAB3 /* ExternalWebLinkView.swift in Sources */ = {isa = PBXBuildFile; fileRef = 0BD5025825E148A10071DAB3 /* ExternalWebLinkView.swift */; };
		0BD5025C25E14F260071DAB3 /* VideoModel.swift in Sources */ = {isa = PBXBuildFile; fileRef = 0BD5025B25E14F260071DAB3 /* VideoModel.swift */; };
		0BD5025F25E14F8F0071DAB3 /* VideoListItemView.swift in Sources */ = {isa = PBXBuildFile; fileRef = 0BD5025E25E14F8F0071DAB3 /* VideoListItemView.swift */; };
		0BD5026325E22B9B0071DAB3 /* VideoPlayerView.swift in Sources */ = {isa = PBXBuildFile; fileRef = 0BD5026225E22B9B0071DAB3 /* VideoPlayerView.swift */; };
		0BD5026725E22F7A0071DAB3 /* VideoPlayerHelper.swift in Sources */ = {isa = PBXBuildFile; fileRef = 0BD5026625E22F7A0071DAB3 /* VideoPlayerHelper.swift */; };
		0BD5026A25E23A450071DAB3 /* cheetah.mp4 in Resources */ = {isa = PBXBuildFile; fileRef = 0B32659325DE505900D5C7BE /* cheetah.mp4 */; };
		0BD5026B25E23A450071DAB3 /* elephant.mp4 in Resources */ = {isa = PBXBuildFile; fileRef = 0B32659025DE505900D5C7BE /* elephant.mp4 */; };
		0BD5026C25E23A450071DAB3 /* giraffe.mp4 in Resources */ = {isa = PBXBuildFile; fileRef = 0B32659625DE505900D5C7BE /* giraffe.mp4 */; };
		0BD5026D25E23A450071DAB3 /* gorilla.mp4 in Resources */ = {isa = PBXBuildFile; fileRef = 0B32659525DE505900D5C7BE /* gorilla.mp4 */; };
		0BD5026E25E23A450071DAB3 /* hippo.mp4 in Resources */ = {isa = PBXBuildFile; fileRef = 0B32659125DE505900D5C7BE /* hippo.mp4 */; };
		0BD5026F25E23A450071DAB3 /* lion.mp4 in Resources */ = {isa = PBXBuildFile; fileRef = 0B32658F25DE505900D5C7BE /* lion.mp4 */; };
		0BD5027025E23A450071DAB3 /* lioness.mp4 in Resources */ = {isa = PBXBuildFile; fileRef = 0B32659425DE505900D5C7BE /* lioness.mp4 */; };
		0BD5027125E23A450071DAB3 /* ostrich.mp4 in Resources */ = {isa = PBXBuildFile; fileRef = 0B32658D25DE505800D5C7BE /* ostrich.mp4 */; };
		0BD5027225E23A450071DAB3 /* rhino.mp4 in Resources */ = {isa = PBXBuildFile; fileRef = 0B32659225DE505900D5C7BE /* rhino.mp4 */; };
		0BD5027325E23A450071DAB3 /* zebra.mp4 in Resources */ = {isa = PBXBuildFile; fileRef = 0B32658E25DE505800D5C7BE /* zebra.mp4 */; };
		0BD5027625E23CE40071DAB3 /* LocationModel.swift in Sources */ = {isa = PBXBuildFile; fileRef = 0BD5027525E23CE40071DAB3 /* LocationModel.swift */; };
		0BD5027925E241610071DAB3 /* MapAnnotationView.swift in Sources */ = {isa = PBXBuildFile; fileRef = 0BD5027825E241610071DAB3 /* MapAnnotationView.swift */; };
		0BD5027C25E27DC70071DAB3 /* MotionAnimationView.swift in Sources */ = {isa = PBXBuildFile; fileRef = 0BD5027B25E27DC70071DAB3 /* MotionAnimationView.swift */; };
		0BD5027F25E38B2A0071DAB3 /* AnimalGridItemView.swift in Sources */ = {isa = PBXBuildFile; fileRef = 0BD5027E25E38B2A0071DAB3 /* AnimalGridItemView.swift */; };
/* End PBXBuildFile section */

/* Begin PBXContainerItemProxy section */
		0B68623B25E44CB0000087F5 /* PBXContainerItemProxy */ = {
			isa = PBXContainerItemProxy;
			containerPortal = 0B32657125DE4E3500D5C7BE /* Project object */;
			proxyType = 1;
			remoteGlobalIDString = 0B68623525E44CAE000087F5;
			remoteInfo = Stickers;
		};
/* End PBXContainerItemProxy section */

/* Begin PBXCopyFilesBuildPhase section */
		0B68623E25E44CB0000087F5 /* Embed App Extensions */ = {
			isa = PBXCopyFilesBuildPhase;
			buildActionMask = 2147483647;
			dstPath = "";
			dstSubfolderSpec = 13;
			files = (
				0B68623D25E44CB0000087F5 /* Stickers.appex in Embed App Extensions */,
			);
			name = "Embed App Extensions";
			runOnlyForDeploymentPostprocessing = 0;
		};
/* End PBXCopyFilesBuildPhase section */

/* Begin PBXFileReference section */
		0B32657925DE4E3500D5C7BE /* Africa.app */ = {isa = PBXFileReference; explicitFileType = wrapper.application; includeInIndex = 0; path = Africa.app; sourceTree = BUILT_PRODUCTS_DIR; };
		0B32657C25DE4E3500D5C7BE /* AfricaApp.swift */ = {isa = PBXFileReference; lastKnownFileType = sourcecode.swift; path = AfricaApp.swift; sourceTree = "<group>"; };
		0B32657E25DE4E3500D5C7BE /* ContentView.swift */ = {isa = PBXFileReference; lastKnownFileType = sourcecode.swift; path = ContentView.swift; sourceTree = "<group>"; };
		0B32658025DE4E3700D5C7BE /* Assets.xcassets */ = {isa = PBXFileReference; lastKnownFileType = folder.assetcatalog; path = Assets.xcassets; sourceTree = "<group>"; };
		0B32658325DE4E3700D5C7BE /* Preview Assets.xcassets */ = {isa = PBXFileReference; lastKnownFileType = folder.assetcatalog; path = "Preview Assets.xcassets"; sourceTree = "<group>"; };
		0B32658525DE4E3700D5C7BE /* Info.plist */ = {isa = PBXFileReference; lastKnownFileType = text.plist.xml; path = Info.plist; sourceTree = "<group>"; };
		0B32658D25DE505800D5C7BE /* ostrich.mp4 */ = {isa = PBXFileReference; lastKnownFileType = file; path = ostrich.mp4; sourceTree = "<group>"; };
		0B32658E25DE505800D5C7BE /* zebra.mp4 */ = {isa = PBXFileReference; lastKnownFileType = file; path = zebra.mp4; sourceTree = "<group>"; };
		0B32658F25DE505900D5C7BE /* lion.mp4 */ = {isa = PBXFileReference; lastKnownFileType = file; path = lion.mp4; sourceTree = "<group>"; };
		0B32659025DE505900D5C7BE /* elephant.mp4 */ = {isa = PBXFileReference; lastKnownFileType = file; path = elephant.mp4; sourceTree = "<group>"; };
		0B32659125DE505900D5C7BE /* hippo.mp4 */ = {isa = PBXFileReference; lastKnownFileType = file; path = hippo.mp4; sourceTree = "<group>"; };
		0B32659225DE505900D5C7BE /* rhino.mp4 */ = {isa = PBXFileReference; lastKnownFileType = file; path = rhino.mp4; sourceTree = "<group>"; };
		0B32659325DE505900D5C7BE /* cheetah.mp4 */ = {isa = PBXFileReference; lastKnownFileType = file; path = cheetah.mp4; sourceTree = "<group>"; };
		0B32659425DE505900D5C7BE /* lioness.mp4 */ = {isa = PBXFileReference; lastKnownFileType = file; path = lioness.mp4; sourceTree = "<group>"; };
		0B32659525DE505900D5C7BE /* gorilla.mp4 */ = {isa = PBXFileReference; lastKnownFileType = file; path = gorilla.mp4; sourceTree = "<group>"; };
		0B32659625DE505900D5C7BE /* giraffe.mp4 */ = {isa = PBXFileReference; lastKnownFileType = file; path = giraffe.mp4; sourceTree = "<group>"; };
		0B32659825DE508300D5C7BE /* animals.json */ = {isa = PBXFileReference; fileEncoding = 4; lastKnownFileType = text.json; path = animals.json; sourceTree = "<group>"; };
		0B32659925DE508300D5C7BE /* covers.json */ = {isa = PBXFileReference; fileEncoding = 4; lastKnownFileType = text.json; path = covers.json; sourceTree = "<group>"; };
		0B32659A25DE508400D5C7BE /* locations.json */ = {isa = PBXFileReference; fileEncoding = 4; lastKnownFileType = text.json; path = locations.json; sourceTree = "<group>"; };
		0B32659B25DE508400D5C7BE /* videos.json */ = {isa = PBXFileReference; fileEncoding = 4; lastKnownFileType = text.json; path = videos.json; sourceTree = "<group>"; };
		0B3265AC25DE52D800D5C7BE /* MainView.swift */ = {isa = PBXFileReference; lastKnownFileType = sourcecode.swift; path = MainView.swift; sourceTree = "<group>"; };
		0B3265B025DE52FF00D5C7BE /* GalleryView.swift */ = {isa = PBXFileReference; lastKnownFileType = sourcecode.swift; path = GalleryView.swift; sourceTree = "<group>"; };
		0B3265B325DE531300D5C7BE /* MapView.swift */ = {isa = PBXFileReference; lastKnownFileType = sourcecode.swift; path = MapView.swift; sourceTree = "<group>"; };
		0B3265B725DE533900D5C7BE /* VideoListView.swift */ = {isa = PBXFileReference; lastKnownFileType = sourcecode.swift; path = VideoListView.swift; sourceTree = "<group>"; };
		0B3265BB25DF94E100D5C7BE /* CoverImageView.swift */ = {isa = PBXFileReference; lastKnownFileType = sourcecode.swift; path = CoverImageView.swift; sourceTree = "<group>"; };
		0B3265C025DF96E400D5C7BE /* CoverImageModel.swift */ = {isa = PBXFileReference; lastKnownFileType = sourcecode.swift; path = CoverImageModel.swift; sourceTree = "<group>"; };
		0B3265C525DF983000D5C7BE /* CodableBundleExtension.swift */ = {isa = PBXFileReference; lastKnownFileType = sourcecode.swift; path = CodableBundleExtension.swift; sourceTree = "<group>"; };
		0B3265C925DF9CED00D5C7BE /* AnimalListItemView.swift */ = {isa = PBXFileReference; lastKnownFileType = sourcecode.swift; path = AnimalListItemView.swift; sourceTree = "<group>"; };
		0B3265CC25DF9F6100D5C7BE /* AnimalModel.swift */ = {isa = PBXFileReference; lastKnownFileType = sourcecode.swift; path = AnimalModel.swift; sourceTree = "<group>"; };
		0B3265CF25DFA26900D5C7BE /* AnimalDetailView.swift */ = {isa = PBXFileReference; lastKnownFileType = sourcecode.swift; path = AnimalDetailView.swift; sourceTree = "<group>"; };
		0B3265D225DFA4C300D5C7BE /* HeadingView.swift */ = {isa = PBXFileReference; lastKnownFileType = sourcecode.swift; path = HeadingView.swift; sourceTree = "<group>"; };
		0B3265D525E0EDD900D5C7BE /* InsetGalleryView.swift */ = {isa = PBXFileReference; lastKnownFileType = sourcecode.swift; path = InsetGalleryView.swift; sourceTree = "<group>"; };
		0B3265D825E11BEC00D5C7BE /* InsertFactView.swift */ = {isa = PBXFileReference; lastKnownFileType = sourcecode.swift; path = InsertFactView.swift; sourceTree = "<group>"; };
		0B3265DB25E11DEE00D5C7BE /* InsertMapView.swift */ = {isa = PBXFileReference; lastKnownFileType = sourcecode.swift; path = InsertMapView.swift; sourceTree = "<group>"; };
		0B68623625E44CAE000087F5 /* Stickers.appex */ = {isa = PBXFileReference; explicitFileType = "wrapper.app-extension"; includeInIndex = 0; path = Stickers.appex; sourceTree = BUILT_PRODUCTS_DIR; };
		0B68623825E44CB0000087F5 /* Stickers.xcassets */ = {isa = PBXFileReference; lastKnownFileType = folder.assetcatalog; path = Stickers.xcassets; sourceTree = "<group>"; };
		0B68623A25E44CB0000087F5 /* Info.plist */ = {isa = PBXFileReference; lastKnownFileType = text.plist.xml; path = Info.plist; sourceTree = "<group>"; };
		0BD5025825E148A10071DAB3 /* ExternalWebLinkView.swift */ = {isa = PBXFileReference; lastKnownFileType = sourcecode.swift; path = ExternalWebLinkView.swift; sourceTree = "<group>"; };
		0BD5025B25E14F260071DAB3 /* VideoModel.swift */ = {isa = PBXFileReference; lastKnownFileType = sourcecode.swift; path = VideoModel.swift; sourceTree = "<group>"; };
		0BD5025E25E14F8F0071DAB3 /* VideoListItemView.swift */ = {isa = PBXFileReference; lastKnownFileType = sourcecode.swift; path = VideoListItemView.swift; sourceTree = "<group>"; };
		0BD5026225E22B9B0071DAB3 /* VideoPlayerView.swift */ = {isa = PBXFileReference; lastKnownFileType = sourcecode.swift; path = VideoPlayerView.swift; sourceTree = "<group>"; };
		0BD5026625E22F7A0071DAB3 /* VideoPlayerHelper.swift */ = {isa = PBXFileReference; lastKnownFileType = sourcecode.swift; path = VideoPlayerHelper.swift; sourceTree = "<group>"; };
		0BD5027525E23CE40071DAB3 /* LocationModel.swift */ = {isa = PBXFileReference; lastKnownFileType = sourcecode.swift; path = LocationModel.swift; sourceTree = "<group>"; };
		0BD5027825E241610071DAB3 /* MapAnnotationView.swift */ = {isa = PBXFileReference; lastKnownFileType = sourcecode.swift; path = MapAnnotationView.swift; sourceTree = "<group>"; };
		0BD5027B25E27DC70071DAB3 /* MotionAnimationView.swift */ = {isa = PBXFileReference; lastKnownFileType = sourcecode.swift; path = MotionAnimationView.swift; sourceTree = "<group>"; };
		0BD5027E25E38B2A0071DAB3 /* AnimalGridItemView.swift */ = {isa = PBXFileReference; lastKnownFileType = sourcecode.swift; path = AnimalGridItemView.swift; sourceTree = "<group>"; };
/* End PBXFileReference section */

/* Begin PBXFrameworksBuildPhase section */
		0B32657625DE4E3500D5C7BE /* Frameworks */ = {
			isa = PBXFrameworksBuildPhase;
			buildActionMask = 2147483647;
			files = (
			);
			runOnlyForDeploymentPostprocessing = 0;
		};
/* End PBXFrameworksBuildPhase section */

/* Begin PBXGroup section */
		0B32657025DE4E3500D5C7BE = {
			isa = PBXGroup;
			children = (
				0B32657B25DE4E3500D5C7BE /* Africa */,
				0B68623725E44CAF000087F5 /* Stickers */,
				0B32657A25DE4E3500D5C7BE /* Products */,
			);
			sourceTree = "<group>";
		};
		0B32657A25DE4E3500D5C7BE /* Products */ = {
			isa = PBXGroup;
			children = (
				0B32657925DE4E3500D5C7BE /* Africa.app */,
				0B68623625E44CAE000087F5 /* Stickers.appex */,
			);
			name = Products;
			sourceTree = "<group>";
		};
		0B32657B25DE4E3500D5C7BE /* Africa */ = {
			isa = PBXGroup;
			children = (
				0BD5026525E22F5B0071DAB3 /* Helper */,
				0B3265C425DF981800D5C7BE /* Extension */,
				0B3265BF25DF96D600D5C7BE /* Model */,
				0B3265BA25DF94C400D5C7BE /* View */,
				0B3265A125DE521900D5C7BE /* App */,
				0B32658C25DE504B00D5C7BE /* Video */,
				0B32659725DE507300D5C7BE /* Data */,
				0B32658025DE4E3700D5C7BE /* Assets.xcassets */,
				0B32658525DE4E3700D5C7BE /* Info.plist */,
				0B32658225DE4E3700D5C7BE /* Preview Content */,
			);
			path = Africa;
			sourceTree = "<group>";
		};
		0B32658225DE4E3700D5C7BE /* Preview Content */ = {
			isa = PBXGroup;
			children = (
				0B32658325DE4E3700D5C7BE /* Preview Assets.xcassets */,
			);
			path = "Preview Content";
			sourceTree = "<group>";
		};
		0B32658C25DE504B00D5C7BE /* Video */ = {
			isa = PBXGroup;
			children = (
				0B32659325DE505900D5C7BE /* cheetah.mp4 */,
				0B32659025DE505900D5C7BE /* elephant.mp4 */,
				0B32659625DE505900D5C7BE /* giraffe.mp4 */,
				0B32659525DE505900D5C7BE /* gorilla.mp4 */,
				0B32659125DE505900D5C7BE /* hippo.mp4 */,
				0B32658F25DE505900D5C7BE /* lion.mp4 */,
				0B32659425DE505900D5C7BE /* lioness.mp4 */,
				0B32658D25DE505800D5C7BE /* ostrich.mp4 */,
				0B32659225DE505900D5C7BE /* rhino.mp4 */,
				0B32658E25DE505800D5C7BE /* zebra.mp4 */,
			);
			path = Video;
			sourceTree = "<group>";
		};
		0B32659725DE507300D5C7BE /* Data */ = {
			isa = PBXGroup;
			children = (
				0B32659825DE508300D5C7BE /* animals.json */,
				0B32659925DE508300D5C7BE /* covers.json */,
				0B32659A25DE508400D5C7BE /* locations.json */,
				0B32659B25DE508400D5C7BE /* videos.json */,
			);
			path = Data;
			sourceTree = "<group>";
		};
		0B3265A125DE521900D5C7BE /* App */ = {
			isa = PBXGroup;
			children = (
				0B32657C25DE4E3500D5C7BE /* AfricaApp.swift */,
				0B32657E25DE4E3500D5C7BE /* ContentView.swift */,
				0B3265AC25DE52D800D5C7BE /* MainView.swift */,
				0B3265B725DE533900D5C7BE /* VideoListView.swift */,
				0B3265B025DE52FF00D5C7BE /* GalleryView.swift */,
				0B3265B325DE531300D5C7BE /* MapView.swift */,
			);
			path = App;
			sourceTree = "<group>";
		};
		0B3265BA25DF94C400D5C7BE /* View */ = {
			isa = PBXGroup;
			children = (
				0B3265BB25DF94E100D5C7BE /* CoverImageView.swift */,
				0B3265C925DF9CED00D5C7BE /* AnimalListItemView.swift */,
				0B3265CF25DFA26900D5C7BE /* AnimalDetailView.swift */,
				0B3265D225DFA4C300D5C7BE /* HeadingView.swift */,
				0B3265D525E0EDD900D5C7BE /* InsetGalleryView.swift */,
				0B3265D825E11BEC00D5C7BE /* InsertFactView.swift */,
				0B3265DB25E11DEE00D5C7BE /* InsertMapView.swift */,
				0BD5025825E148A10071DAB3 /* ExternalWebLinkView.swift */,
				0BD5025E25E14F8F0071DAB3 /* VideoListItemView.swift */,
				0BD5026225E22B9B0071DAB3 /* VideoPlayerView.swift */,
				0BD5027825E241610071DAB3 /* MapAnnotationView.swift */,
				0BD5027B25E27DC70071DAB3 /* MotionAnimationView.swift */,
				0BD5027E25E38B2A0071DAB3 /* AnimalGridItemView.swift */,
			);
			path = View;
			sourceTree = "<group>";
		};
		0B3265BF25DF96D600D5C7BE /* Model */ = {
			isa = PBXGroup;
			children = (
				0B3265C025DF96E400D5C7BE /* CoverImageModel.swift */,
				0B3265CC25DF9F6100D5C7BE /* AnimalModel.swift */,
				0BD5025B25E14F260071DAB3 /* VideoModel.swift */,
				0BD5027525E23CE40071DAB3 /* LocationModel.swift */,
			);
			path = Model;
			sourceTree = "<group>";
		};
		0B3265C425DF981800D5C7BE /* Extension */ = {
			isa = PBXGroup;
			children = (
				0B3265C525DF983000D5C7BE /* CodableBundleExtension.swift */,
			);
			path = Extension;
			sourceTree = "<group>";
		};
		0B68623725E44CAF000087F5 /* Stickers */ = {
			isa = PBXGroup;
			children = (
				0B68623825E44CB0000087F5 /* Stickers.xcassets */,
				0B68623A25E44CB0000087F5 /* Info.plist */,
			);
			path = Stickers;
			sourceTree = "<group>";
		};
		0BD5026525E22F5B0071DAB3 /* Helper */ = {
			isa = PBXGroup;
			children = (
				0BD5026625E22F7A0071DAB3 /* VideoPlayerHelper.swift */,
			);
			path = Helper;
			sourceTree = "<group>";
		};
/* End PBXGroup section */

/* Begin PBXNativeTarget section */
		0B32657825DE4E3500D5C7BE /* Africa */ = {
			isa = PBXNativeTarget;
			buildConfigurationList = 0B32658825DE4E3700D5C7BE /* Build configuration list for PBXNativeTarget "Africa" */;
			buildPhases = (
				0B32657525DE4E3500D5C7BE /* Sources */,
				0B32657625DE4E3500D5C7BE /* Frameworks */,
				0B32657725DE4E3500D5C7BE /* Resources */,
				0B68623E25E44CB0000087F5 /* Embed App Extensions */,
			);
			buildRules = (
			);
			dependencies = (
				0B68623C25E44CB0000087F5 /* PBXTargetDependency */,
			);
			name = Africa;
			productName = Africa;
			productReference = 0B32657925DE4E3500D5C7BE /* Africa.app */;
			productType = "com.apple.product-type.application";
		};
		0B68623525E44CAE000087F5 /* Stickers */ = {
			isa = PBXNativeTarget;
			buildConfigurationList = 0B68624125E44CB0000087F5 /* Build configuration list for PBXNativeTarget "Stickers" */;
			buildPhases = (
				0B68623425E44CAE000087F5 /* Resources */,
			);
			buildRules = (
			);
			dependencies = (
			);
			name = Stickers;
			productName = Stickers;
			productReference = 0B68623625E44CAE000087F5 /* Stickers.appex */;
			productType = "com.apple.product-type.app-extension.messages-sticker-pack";
		};
/* End PBXNativeTarget section */

/* Begin PBXProject section */
		0B32657125DE4E3500D5C7BE /* Project object */ = {
			isa = PBXProject;
			attributes = {
				LastSwiftUpdateCheck = 1230;
				LastUpgradeCheck = 1230;
				TargetAttributes = {
					0B32657825DE4E3500D5C7BE = {
						CreatedOnToolsVersion = 12.3;
					};
					0B68623525E44CAE000087F5 = {
						CreatedOnToolsVersion = 12.3;
					};
				};
			};
			buildConfigurationList = 0B32657425DE4E3500D5C7BE /* Build configuration list for PBXProject "Africa" */;
			compatibilityVersion = "Xcode 9.3";
			developmentRegion = en;
			hasScannedForEncodings = 0;
			knownRegions = (
				en,
				Base,
			);
			mainGroup = 0B32657025DE4E3500D5C7BE;
			productRefGroup = 0B32657A25DE4E3500D5C7BE /* Products */;
			projectDirPath = "";
			projectRoot = "";
			targets = (
				0B32657825DE4E3500D5C7BE /* Africa */,
				0B68623525E44CAE000087F5 /* Stickers */,
			);
		};
/* End PBXProject section */

/* Begin PBXResourcesBuildPhase section */
		0B32657725DE4E3500D5C7BE /* Resources */ = {
			isa = PBXResourcesBuildPhase;
			buildActionMask = 2147483647;
			files = (
				0BD5026A25E23A450071DAB3 /* cheetah.mp4 in Resources */,
				0BD5026B25E23A450071DAB3 /* elephant.mp4 in Resources */,
				0BD5026C25E23A450071DAB3 /* giraffe.mp4 in Resources */,
				0BD5026D25E23A450071DAB3 /* gorilla.mp4 in Resources */,
				0BD5026E25E23A450071DAB3 /* hippo.mp4 in Resources */,
				0BD5026F25E23A450071DAB3 /* lion.mp4 in Resources */,
				0BD5027025E23A450071DAB3 /* lioness.mp4 in Resources */,
				0BD5027125E23A450071DAB3 /* ostrich.mp4 in Resources */,
				0BD5027225E23A450071DAB3 /* rhino.mp4 in Resources */,
				0BD5027325E23A450071DAB3 /* zebra.mp4 in Resources */,
				0B32659C25DE508400D5C7BE /* animals.json in Resources */,
				0B32659D25DE508400D5C7BE /* covers.json in Resources */,
				0B32659E25DE508400D5C7BE /* locations.json in Resources */,
				0B32658425DE4E3700D5C7BE /* Preview Assets.xcassets in Resources */,
				0B32658125DE4E3700D5C7BE /* Assets.xcassets in Resources */,
				0B32659F25DE508400D5C7BE /* videos.json in Resources */,
			);
			runOnlyForDeploymentPostprocessing = 0;
		};
		0B68623425E44CAE000087F5 /* Resources */ = {
			isa = PBXResourcesBuildPhase;
			buildActionMask = 2147483647;
			files = (
				0B68623925E44CB0000087F5 /* Stickers.xcassets in Resources */,
			);
			runOnlyForDeploymentPostprocessing = 0;
		};
/* End PBXResourcesBuildPhase section */

/* Begin PBXSourcesBuildPhase section */
		0B32657525DE4E3500D5C7BE /* Sources */ = {
			isa = PBXSourcesBuildPhase;
			buildActionMask = 2147483647;
			files = (
				0B32657F25DE4E3500D5C7BE /* ContentView.swift in Sources */,
				0B3265CA25DF9CED00D5C7BE /* AnimalListItemView.swift in Sources */,
				0B3265B425DE531300D5C7BE /* MapView.swift in Sources */,
				0B3265BC25DF94E100D5C7BE /* CoverImageView.swift in Sources */,
				0B3265C125DF96E400D5C7BE /* CoverImageModel.swift in Sources */,
				0B3265D025DFA26900D5C7BE /* AnimalDetailView.swift in Sources */,
				0B3265CD25DF9F6100D5C7BE /* AnimalModel.swift in Sources */,
				0B3265B825DE533900D5C7BE /* VideoListView.swift in Sources */,
				0B3265B125DE52FF00D5C7BE /* GalleryView.swift in Sources */,
				0B3265AD25DE52D800D5C7BE /* MainView.swift in Sources */,
				0BD5026725E22F7A0071DAB3 /* VideoPlayerHelper.swift in Sources */,
				0B32657D25DE4E3500D5C7BE /* AfricaApp.swift in Sources */,
				0BD5025925E148A10071DAB3 /* ExternalWebLinkView.swift in Sources */,
				0BD5027925E241610071DAB3 /* MapAnnotationView.swift in Sources */,
				0B3265D625E0EDD900D5C7BE /* InsetGalleryView.swift in Sources */,
				0BD5025C25E14F260071DAB3 /* VideoModel.swift in Sources */,
				0B3265DC25E11DEE00D5C7BE /* InsertMapView.swift in Sources */,
				0BD5027625E23CE40071DAB3 /* LocationModel.swift in Sources */,
				0BD5027F25E38B2A0071DAB3 /* AnimalGridItemView.swift in Sources */,
				0B3265C625DF983000D5C7BE /* CodableBundleExtension.swift in Sources */,
				0BD5025F25E14F8F0071DAB3 /* VideoListItemView.swift in Sources */,
				0B3265D325DFA4C300D5C7BE /* HeadingView.swift in Sources */,
				0BD5027C25E27DC70071DAB3 /* MotionAnimationView.swift in Sources */,
				0B3265D925E11BEC00D5C7BE /* InsertFactView.swift in Sources */,
				0BD5026325E22B9B0071DAB3 /* VideoPlayerView.swift in Sources */,
			);
			runOnlyForDeploymentPostprocessing = 0;
		};
/* End PBXSourcesBuildPhase section */

/* Begin PBXTargetDependency section */
		0B68623C25E44CB0000087F5 /* PBXTargetDependency */ = {
			isa = PBXTargetDependency;
			target = 0B68623525E44CAE000087F5 /* Stickers */;
			targetProxy = 0B68623B25E44CB0000087F5 /* PBXContainerItemProxy */;
		};
/* End PBXTargetDependency section */

/* Begin XCBuildConfiguration section */
		0B32658625DE4E3700D5C7BE /* Debug */ = {
			isa = XCBuildConfiguration;
			buildSettings = {
				ALWAYS_SEARCH_USER_PATHS = NO;
				CLANG_ANALYZER_NONNULL = YES;
				CLANG_ANALYZER_NUMBER_OBJECT_CONVERSION = YES_AGGRESSIVE;
				CLANG_CXX_LANGUAGE_STANDARD = "gnu++14";
				CLANG_CXX_LIBRARY = "libc++";
				CLANG_ENABLE_MODULES = YES;
				CLANG_ENABLE_OBJC_ARC = YES;
				CLANG_ENABLE_OBJC_WEAK = YES;
				CLANG_WARN_BLOCK_CAPTURE_AUTORELEASING = YES;
				CLANG_WARN_BOOL_CONVERSION = YES;
				CLANG_WARN_COMMA = YES;
				CLANG_WARN_CONSTANT_CONVERSION = YES;
				CLANG_WARN_DEPRECATED_OBJC_IMPLEMENTATIONS = YES;
				CLANG_WARN_DIRECT_OBJC_ISA_USAGE = YES_ERROR;
				CLANG_WARN_DOCUMENTATION_COMMENTS = YES;
				CLANG_WARN_EMPTY_BODY = YES;
				CLANG_WARN_ENUM_CONVERSION = YES;
				CLANG_WARN_INFINITE_RECURSION = YES;
				CLANG_WARN_INT_CONVERSION = YES;
				CLANG_WARN_NON_LITERAL_NULL_CONVERSION = YES;
				CLANG_WARN_OBJC_IMPLICIT_RETAIN_SELF = YES;
				CLANG_WARN_OBJC_LITERAL_CONVERSION = YES;
				CLANG_WARN_OBJC_ROOT_CLASS = YES_ERROR;
				CLANG_WARN_QUOTED_INCLUDE_IN_FRAMEWORK_HEADER = YES;
				CLANG_WARN_RANGE_LOOP_ANALYSIS = YES;
				CLANG_WARN_STRICT_PROTOTYPES = YES;
				CLANG_WARN_SUSPICIOUS_MOVE = YES;
				CLANG_WARN_UNGUARDED_AVAILABILITY = YES_AGGRESSIVE;
				CLANG_WARN_UNREACHABLE_CODE = YES;
				CLANG_WARN__DUPLICATE_METHOD_MATCH = YES;
				COPY_PHASE_STRIP = NO;
				DEBUG_INFORMATION_FORMAT = dwarf;
				ENABLE_STRICT_OBJC_MSGSEND = YES;
				ENABLE_TESTABILITY = YES;
				GCC_C_LANGUAGE_STANDARD = gnu11;
				GCC_DYNAMIC_NO_PIC = NO;
				GCC_NO_COMMON_BLOCKS = YES;
				GCC_OPTIMIZATION_LEVEL = 0;
				GCC_PREPROCESSOR_DEFINITIONS = (
					"DEBUG=1",
					"$(inherited)",
				);
				GCC_WARN_64_TO_32_BIT_CONVERSION = YES;
				GCC_WARN_ABOUT_RETURN_TYPE = YES_ERROR;
				GCC_WARN_UNDECLARED_SELECTOR = YES;
				GCC_WARN_UNINITIALIZED_AUTOS = YES_AGGRESSIVE;
				GCC_WARN_UNUSED_FUNCTION = YES;
				GCC_WARN_UNUSED_VARIABLE = YES;
				IPHONEOS_DEPLOYMENT_TARGET = 14.3;
				MTL_ENABLE_DEBUG_INFO = INCLUDE_SOURCE;
				MTL_FAST_MATH = YES;
				ONLY_ACTIVE_ARCH = YES;
				SDKROOT = iphoneos;
				SWIFT_ACTIVE_COMPILATION_CONDITIONS = DEBUG;
				SWIFT_OPTIMIZATION_LEVEL = "-Onone";
			};
			name = Debug;
		};
		0B32658725DE4E3700D5C7BE /* Release */ = {
			isa = XCBuildConfiguration;
			buildSettings = {
				ALWAYS_SEARCH_USER_PATHS = NO;
				CLANG_ANALYZER_NONNULL = YES;
				CLANG_ANALYZER_NUMBER_OBJECT_CONVERSION = YES_AGGRESSIVE;
				CLANG_CXX_LANGUAGE_STANDARD = "gnu++14";
				CLANG_CXX_LIBRARY = "libc++";
				CLANG_ENABLE_MODULES = YES;
				CLANG_ENABLE_OBJC_ARC = YES;
				CLANG_ENABLE_OBJC_WEAK = YES;
				CLANG_WARN_BLOCK_CAPTURE_AUTORELEASING = YES;
				CLANG_WARN_BOOL_CONVERSION = YES;
				CLANG_WARN_COMMA = YES;
				CLANG_WARN_CONSTANT_CONVERSION = YES;
				CLANG_WARN_DEPRECATED_OBJC_IMPLEMENTATIONS = YES;
				CLANG_WARN_DIRECT_OBJC_ISA_USAGE = YES_ERROR;
				CLANG_WARN_DOCUMENTATION_COMMENTS = YES;
				CLANG_WARN_EMPTY_BODY = YES;
				CLANG_WARN_ENUM_CONVERSION = YES;
				CLANG_WARN_INFINITE_RECURSION = YES;
				CLANG_WARN_INT_CONVERSION = YES;
				CLANG_WARN_NON_LITERAL_NULL_CONVERSION = YES;
				CLANG_WARN_OBJC_IMPLICIT_RETAIN_SELF = YES;
				CLANG_WARN_OBJC_LITERAL_CONVERSION = YES;
				CLANG_WARN_OBJC_ROOT_CLASS = YES_ERROR;
				CLANG_WARN_QUOTED_INCLUDE_IN_FRAMEWORK_HEADER = YES;
				CLANG_WARN_RANGE_LOOP_ANALYSIS = YES;
				CLANG_WARN_STRICT_PROTOTYPES = YES;
				CLANG_WARN_SUSPICIOUS_MOVE = YES;
				CLANG_WARN_UNGUARDED_AVAILABILITY = YES_AGGRESSIVE;
				CLANG_WARN_UNREACHABLE_CODE = YES;
				CLANG_WARN__DUPLICATE_METHOD_MATCH = YES;
				COPY_PHASE_STRIP = NO;
				DEBUG_INFORMATION_FORMAT = "dwarf-with-dsym";
				ENABLE_NS_ASSERTIONS = NO;
				ENABLE_STRICT_OBJC_MSGSEND = YES;
				GCC_C_LANGUAGE_STANDARD = gnu11;
				GCC_NO_COMMON_BLOCKS = YES;
				GCC_WARN_64_TO_32_BIT_CONVERSION = YES;
				GCC_WARN_ABOUT_RETURN_TYPE = YES_ERROR;
				GCC_WARN_UNDECLARED_SELECTOR = YES;
				GCC_WARN_UNINITIALIZED_AUTOS = YES_AGGRESSIVE;
				GCC_WARN_UNUSED_FUNCTION = YES;
				GCC_WARN_UNUSED_VARIABLE = YES;
				IPHONEOS_DEPLOYMENT_TARGET = 14.3;
				MTL_ENABLE_DEBUG_INFO = NO;
				MTL_FAST_MATH = YES;
				SDKROOT = iphoneos;
				SWIFT_COMPILATION_MODE = wholemodule;
				SWIFT_OPTIMIZATION_LEVEL = "-O";
				VALIDATE_PRODUCT = YES;
			};
			name = Release;
		};
		0B32658925DE4E3700D5C7BE /* Debug */ = {
			isa = XCBuildConfiguration;
			buildSettings = {
				ASSETCATALOG_COMPILER_APPICON_NAME = AppIcon;
				ASSETCATALOG_COMPILER_GLOBAL_ACCENT_COLOR_NAME = AccentColor;
				CODE_SIGN_STYLE = Automatic;
				DEVELOPMENT_ASSET_PATHS = "\"Africa/Preview Content\"";
				DEVELOPMENT_TEAM = AZQ43S2NQ9;
				ENABLE_PREVIEWS = YES;
				INFOPLIST_FILE = Africa/Info.plist;
				IPHONEOS_DEPLOYMENT_TARGET = 14.0;
				LD_RUNPATH_SEARCH_PATHS = (
					"$(inherited)",
					"@executable_path/Frameworks",
				);
				PRODUCT_BUNDLE_IDENTIFIER = com.ovansa.Africa;
				PRODUCT_NAME = "$(TARGET_NAME)";
				SWIFT_VERSION = 5.0;
				TARGETED_DEVICE_FAMILY = "1,2";
			};
			name = Debug;
		};
		0B32658A25DE4E3700D5C7BE /* Release */ = {
			isa = XCBuildConfiguration;
			buildSettings = {
				ASSETCATALOG_COMPILER_APPICON_NAME = AppIcon;
				ASSETCATALOG_COMPILER_GLOBAL_ACCENT_COLOR_NAME = AccentColor;
				CODE_SIGN_STYLE = Automatic;
				DEVELOPMENT_ASSET_PATHS = "\"Africa/Preview Content\"";
				DEVELOPMENT_TEAM = AZQ43S2NQ9;
				ENABLE_PREVIEWS = YES;
				INFOPLIST_FILE = Africa/Info.plist;
				IPHONEOS_DEPLOYMENT_TARGET = 14.0;
				LD_RUNPATH_SEARCH_PATHS = (
					"$(inherited)",
					"@executable_path/Frameworks",
				);
				PRODUCT_BUNDLE_IDENTIFIER = com.ovansa.Africa;
				PRODUCT_NAME = "$(TARGET_NAME)";
				SWIFT_VERSION = 5.0;
				TARGETED_DEVICE_FAMILY = "1,2";
			};
			name = Release;
		};
		0B68623F25E44CB0000087F5 /* Debug */ = {
			isa = XCBuildConfiguration;
			buildSettings = {
				ASSETCATALOG_COMPILER_APPICON_NAME = "iMessage App Icon";
				CODE_SIGN_STYLE = Automatic;
				DEVELOPMENT_TEAM = AZQ43S2NQ9;
				INFOPLIST_FILE = Stickers/Info.plist;
				IPHONEOS_DEPLOYMENT_TARGET = 10.0;
				PRODUCT_BUNDLE_IDENTIFIER = com.ovansa.Africa.Stickers;
				PRODUCT_NAME = "$(TARGET_NAME)";
				SKIP_INSTALL = YES;
				TARGETED_DEVICE_FAMILY = "1,2";
			};
			name = Debug;
		};
		0B68624025E44CB0000087F5 /* Release */ = {
			isa = XCBuildConfiguration;
			buildSettings = {
				ASSETCATALOG_COMPILER_APPICON_NAME = "iMessage App Icon";
				CODE_SIGN_STYLE = Automatic;
				DEVELOPMENT_TEAM = AZQ43S2NQ9;
				INFOPLIST_FILE = Stickers/Info.plist;
				IPHONEOS_DEPLOYMENT_TARGET = 10.0;
				PRODUCT_BUNDLE_IDENTIFIER = com.ovansa.Africa.Stickers;
				PRODUCT_NAME = "$(TARGET_NAME)";
				SKIP_INSTALL = YES;
				TARGETED_DEVICE_FAMILY = "1,2";
			};
			name = Release;
		};
/* End XCBuildConfiguration section */

/* Begin XCConfigurationList section */
		0B32657425DE4E3500D5C7BE /* Build configuration list for PBXProject "Africa" */ = {
			isa = XCConfigurationList;
			buildConfigurations = (
				0B32658625DE4E3700D5C7BE /* Debug */,
				0B32658725DE4E3700D5C7BE /* Release */,
			);
			defaultConfigurationIsVisible = 0;
			defaultConfigurationName = Release;
		};
		0B32658825DE4E3700D5C7BE /* Build configuration list for PBXNativeTarget "Africa" */ = {
			isa = XCConfigurationList;
			buildConfigurations = (
				0B32658925DE4E3700D5C7BE /* Debug */,
				0B32658A25DE4E3700D5C7BE /* Release */,
			);
			defaultConfigurationIsVisible = 0;
			defaultConfigurationName = Release;
		};
		0B68624125E44CB0000087F5 /* Build configuration list for PBXNativeTarget "Stickers" */ = {
			isa = XCConfigurationList;
			buildConfigurations = (
				0B68623F25E44CB0000087F5 /* Debug */,
				0B68624025E44CB0000087F5 /* Release */,
			);
			defaultConfigurationIsVisible = 0;
			defaultConfigurationName = Release;
		};
/* End XCConfigurationList section */
	};
	rootObject = 0B32657125DE4E3500D5C7BE /* Project object */;
}
